<?xml version="1.0" encoding="utf-8"?>
<Project ToolsVersion="4.0" xmlns="http://schemas.microsoft.com/developer/msbuild/2003">
  <ItemGroup>
    <Filter Include="Source Files">
      <UniqueIdentifier>{4FC737F1-C7A5-4376-A066-2A32D752A2FF}</UniqueIdentifier>
      <Extensions>cpp;c;cc;cxx;c++;cppm;ixx;def;odl;idl;hpj;bat;asm;asmx</Extensions>
    </Filter>
    <Filter Include="Header Files">
      <UniqueIdentifier>{93995380-89BD-4b04-88EB-625FBE52EBFB}</UniqueIdentifier>
      <Extensions>h;hh;hpp;hxx;h++;hm;inl;inc;ipp;xsd</Extensions>
    </Filter>
    <Filter Include="Resource Files">
      <UniqueIdentifier>{67DA6AB6-F800-4c08-8B7A-83BB121AAD01}</UniqueIdentifier>
      <Extensions>rc;ico;cur;bmp;dlg;rc2;rct;bin;rgs;gif;jpg;jpeg;jpe;resx;tiff;tif;png;wav;mfcribbon-ms</Extensions>
    </Filter>
  </ItemGroup>
  <ItemGroup>
    <ClCompile Include="TAPClub.cpp">
      <Filter>Source Files</Filter>
    </ClCompile>
    <ClCompile Include="Icecream.cpp">
      <Filter>Source Files</Filter>
    </ClCompile>
    <ClCompile Include="Palindrom.cpp">
      <Filter>Source Files</Filter>
    </ClCompile>
    <ClCompile Include="JobOS.cpp">
      <Filter>Source Files</Filter>
    </ClCompile>
    <ClCompile Include="dequeue.cpp">
      <Filter>Source Files</Filter>
    </ClCompile>
    <ClCompile Include="PizzaHut.cpp">
      <Filter>Source Files</Filter>
    </ClCompile>
    <ClCompile Include="HRD.cpp">
      <Filter>Source Files</Filter>
    </ClCompile>
    <ClCompile Include="Assessment.cpp">
      <Filter>Source Files</Filter>
    </ClCompile>
    <ClCompile Include="Dictionary.cpp">
      <Filter>Source Files</Filter>
    </ClCompile>
    <ClCompile Include="FlightPath.cpp">
      <Filter>Source Files</Filter>
    </ClCompile>
    <ClCompile Include="FlightPathDFS.cpp">
      <Filter>Source Files</Filter>
    </ClCompile>
    <ClCompile Include="FlightPathBFS.cpp">
      <Filter>Source Files</Filter>
    </ClCompile>
    <ClCompile Include="TimeSpaceComplexity.cpp">
      <Filter>Source Files</Filter>
    </ClCompile>
    <ClCompile Include="TreePostOrderTravesel.cpp">
      <Filter>Source Files</Filter>
    </ClCompile>
    <ClCompile Include="BookCMS.cpp">
      <Filter>Source Files</Filter>
    </ClCompile>
    <ClCompile Include="DictionayADT.cpp">
      <Filter>Source Files</Filter>
    </ClCompile>
    <ClCompile Include="TelephoneBook.cpp">
      <Filter>Source Files</Filter>
    </ClCompile>
  </ItemGroup>
</Project>