
Microsoft Visual Studio Solution File, Format Version 12.00
# Visual Studio Version 17
VisualStudioVersion = 17.13.35931.197
MinimumVisualStudioVersion = 10.0.40219.1
Project("{8BC9CEB8-8B4A-11D0-8D11-00A0C91BC942}") = "HelloWorldApp", "HelloWorldApp.vcxproj", "{4C3D166C-2F94-4C97-9393-870D9C475BFE}"
EndProject
Project("{8BC9CEB8-8B4A-11D0-8D11-00A0C91BC942}") = "Sample-Test1", "..\Sample-Test1\Sample-Test1.vcxproj", "{FEF45D75-7620-48B6-9C7B-A27FC3F90134}"
EndProject
Project("{8BC9CEB8-8B4A-11D0-8D11-00A0C91BC942}") = "DisplayPatternsApp", "..\DisplayPatternsApp\DisplayPatternsApp.vcxproj", "{3FBCA59E-8D9F-44E8-8AA0-3AF867C7ADFA}"
EndProject
Global
	GlobalSection(SolutionConfigurationPlatforms) = preSolution
		Debug|x64 = Debug|x64
		Debug|x86 = Debug|x86
		Release|x64 = Release|x64
		Release|x86 = Release|x86
	EndGlobalSection
	GlobalSection(ProjectConfigurationPlatforms) = postSolution
		{4C3D166C-2F94-4C97-9393-870D9C475BFE}.Debug|x64.ActiveCfg = Debug|x64
		{4C3D166C-2F94-4C97-9393-870D9C475BFE}.Debug|x64.Build.0 = Debug|x64
		{4C3D166C-2F94-4C97-9393-870D9C475BFE}.Debug|x86.ActiveCfg = Debug|Win32
		{4C3D166C-2F94-4C97-9393-870D9C475BFE}.Debug|x86.Build.0 = Debug|Win32
		{4C3D166C-2F94-4C97-9393-870D9C475BFE}.Release|x64.ActiveCfg = Release|x64
		{4C3D166C-2F94-4C97-9393-870D9C475BFE}.Release|x64.Build.0 = Release|x64
		{4C3D166C-2F94-4C97-9393-870D9C475BFE}.Release|x86.ActiveCfg = Release|Win32
		{4C3D166C-2F94-4C97-9393-870D9C475BFE}.Release|x86.Build.0 = Release|Win32
		{FEF45D75-7620-48B6-9C7B-A27FC3F90134}.Debug|x64.ActiveCfg = Debug|x64
		{FEF45D75-7620-48B6-9C7B-A27FC3F90134}.Debug|x64.Build.0 = Debug|x64
		{FEF45D75-7620-48B6-9C7B-A27FC3F90134}.Debug|x86.ActiveCfg = Debug|Win32
		{FEF45D75-7620-48B6-9C7B-A27FC3F90134}.Debug|x86.Build.0 = Debug|Win32
		{FEF45D75-7620-48B6-9C7B-A27FC3F90134}.Release|x64.ActiveCfg = Release|x64
		{FEF45D75-7620-48B6-9C7B-A27FC3F90134}.Release|x64.Build.0 = Release|x64
		{FEF45D75-7620-48B6-9C7B-A27FC3F90134}.Release|x86.ActiveCfg = Release|Win32
		{FEF45D75-7620-48B6-9C7B-A27FC3F90134}.Release|x86.Build.0 = Release|Win32
		{3FBCA59E-8D9F-44E8-8AA0-3AF867C7ADFA}.Debug|x64.ActiveCfg = Debug|x64
		{3FBCA59E-8D9F-44E8-8AA0-3AF867C7ADFA}.Debug|x64.Build.0 = Debug|x64
		{3FBCA59E-8D9F-44E8-8AA0-3AF867C7ADFA}.Debug|x86.ActiveCfg = Debug|Win32
		{3FBCA59E-8D9F-44E8-8AA0-3AF867C7ADFA}.Debug|x86.Build.0 = Debug|Win32
		{3FBCA59E-8D9F-44E8-8AA0-3AF867C7ADFA}.Release|x64.ActiveCfg = Release|x64
		{3FBCA59E-8D9F-44E8-8AA0-3AF867C7ADFA}.Release|x64.Build.0 = Release|x64
		{3FBCA59E-8D9F-44E8-8AA0-3AF867C7ADFA}.Release|x86.ActiveCfg = Release|Win32
		{3FBCA59E-8D9F-44E8-8AA0-3AF867C7ADFA}.Release|x86.Build.0 = Release|Win32
	EndGlobalSection
	GlobalSection(SolutionProperties) = preSolution
		HideSolutionNode = FALSE
	EndGlobalSection
	GlobalSection(ExtensibilityGlobals) = postSolution
		SolutionGuid = {2B1530EA-63E7-4C6F-B695-8972207F0EE3}
	EndGlobalSection
EndGlobal
