<?xml version="1.0" encoding="utf-8"?>
<Project ToolsVersion="4.0" xmlns="http://schemas.microsoft.com/developer/msbuild/2003">
  <ItemGroup>
    <Filter Include="Source Files">
      <UniqueIdentifier>{4FC737F1-C7A5-4376-A066-2A32D752A2FF}</UniqueIdentifier>
      <Extensions>cpp;c;cc;cxx;c++;cppm;ixx;def;odl;idl;hpj;bat;asm;asmx</Extensions>
    </Filter>
    <Filter Include="Header Files">
      <UniqueIdentifier>{93995380-89BD-4b04-88EB-625FBE52EBFB}</UniqueIdentifier>
      <Extensions>h;hh;hpp;hxx;h++;hm;inl;inc;ipp;xsd</Extensions>
    </Filter>
    <Filter Include="Resource Files">
      <UniqueIdentifier>{67DA6AB6-F800-4c08-8B7A-83BB121AAD01}</UniqueIdentifier>
      <Extensions>rc;ico;cur;bmp;dlg;rc2;rct;bin;rgs;gif;jpg;jpeg;jpe;resx;tiff;tif;png;wav;mfcribbon-ms</Extensions>
    </Filter>
    <Filter Include="Source Files\Controllers">
      <UniqueIdentifier>{03835d32-8fd0-4071-a285-fc475c673e41}</UniqueIdentifier>
    </Filter>
    <Filter Include="Source Files\Entities">
      <UniqueIdentifier>{f0da5667-2344-4cfd-952b-083c94245b9c}</UniqueIdentifier>
    </Filter>
    <Filter Include="Source Files\Repositories">
      <UniqueIdentifier>{5c90e9ae-1f18-4059-b50d-ce427c65fc8b}</UniqueIdentifier>
    </Filter>
    <Filter Include="Source Files\Services">
      <UniqueIdentifier>{71374053-62b8-464f-8e0f-d520c3db6894}</UniqueIdentifier>
    </Filter>
    <Filter Include="Source Files\UI">
      <UniqueIdentifier>{e9dfbedb-9ad0-479d-8624-0a109ae4e932}</UniqueIdentifier>
    </Filter>
    <Filter Include="Header Files\Controllers">
      <UniqueIdentifier>{ad6ead66-0e52-4fc3-a7c6-c1d1726b67fd}</UniqueIdentifier>
    </Filter>
    <Filter Include="Header Files\Repositories">
      <UniqueIdentifier>{e0726658-6001-4b31-a83f-6a3ff7d63897}</UniqueIdentifier>
    </Filter>
    <Filter Include="Header Files\Services">
      <UniqueIdentifier>{e9454928-44d0-43ce-a540-4f351ccc3531}</UniqueIdentifier>
    </Filter>
    <Filter Include="Header Files\Entities">
      <UniqueIdentifier>{6afbb429-1f2e-470e-8c35-fcc89f17ff61}</UniqueIdentifier>
    </Filter>
    <Filter Include="Header Files\UI">
      <UniqueIdentifier>{5d87c3e0-376e-4b9a-a8e0-84df51d9acba}</UniqueIdentifier>
    </Filter>
  </ItemGroup>
  <ItemGroup>
    <ClCompile Include="Main.cpp">
      <Filter>Source Files</Filter>
    </ClCompile>
    <ClCompile Include="ProductsController.cpp">
      <Filter>Source Files\Controllers</Filter>
    </ClCompile>
    <ClCompile Include="Product.cpp">
      <Filter>Source Files\Entities</Filter>
    </ClCompile>
    <ClCompile Include="ProductRepository.cpp">
      <Filter>Source Files\Repositories</Filter>
    </ClCompile>
    <ClCompile Include="ProductService.cpp">
      <Filter>Source Files\Services</Filter>
    </ClCompile>
    <ClCompile Include="UIManager.cpp">
      <Filter>Source Files\UI</Filter>
    </ClCompile>
  </ItemGroup>
  <ItemGroup>
    <ClInclude Include="ProductsController.h">
      <Filter>Header Files\Controllers</Filter>
    </ClInclude>
    <ClInclude Include="Product.h">
      <Filter>Header Files\Entities</Filter>
    </ClInclude>
    <ClInclude Include="UIManager.h">
      <Filter>Header Files\UI</Filter>
    </ClInclude>
    <ClInclude Include="ProductService.h">
      <Filter>Header Files\Services</Filter>
    </ClInclude>
    <ClInclude Include="ProductRepository.h">
      <Filter>Header Files\Repositories</Filter>
    </ClInclude>
  </ItemGroup>
</Project>